
Microsoft Visual Studio Solution File, Format Version 12.00
# Visual Studio 15
VisualStudioVersion = 15.0.33026.149
MinimumVisualStudioVersion = 10.0.40219.1
Project("{E24C65DC-7377-472B-9ABA-BC803B73C61A}") = "MovieCollectionWeb", "MovieCollectionWeb\", "{7F1B5DB8-0E01-43D6-999D-0CC37C58E1B4}"
	ProjectSection(WebsiteProperties) = preProject
		TargetFrameworkMoniker = ".NETFramework,Version%3Dv4.6.1"
		Debug.AspNetCompiler.VirtualPath = "/localhost_59667"
		Debug.AspNetCompiler.PhysicalPath = "MovieCollectionWeb\"
		Debug.AspNetCompiler.TargetPath = "PrecompiledWeb\localhost_59667\"
		Debug.AspNetCompiler.Updateable = "true"
		Debug.AspNetCompiler.ForceOverwrite = "true"
		Debug.AspNetCompiler.FixedNames = "false"
		Debug.AspNetCompiler.Debug = "True"
		Release.AspNetCompiler.VirtualPath = "/localhost_59667"
		Release.AspNetCompiler.PhysicalPath = "MovieCollectionWeb\"
		Release.AspNetCompiler.TargetPath = "PrecompiledWeb\localhost_59667\"
		Release.AspNetCompiler.Updateable = "true"
		Release.AspNetCompiler.ForceOverwrite = "true"
		Release.AspNetCompiler.FixedNames = "false"
		Release.AspNetCompiler.Debug = "False"
		VWDPort = "59667"
		SlnRelativePath = "MovieCollectionWeb\"
		DefaultWebSiteLanguage = "Visual C#"
	EndProjectSection
EndProject
Global
	GlobalSection(SolutionConfigurationPlatforms) = preSolution
		Debug|Any CPU = Debug|Any CPU
	EndGlobalSection
	GlobalSection(ProjectConfigurationPlatforms) = postSolution
		{7F1B5DB8-0E01-43D6-999D-0CC37C58E1B4}.Debug|Any CPU.ActiveCfg = Debug|Any CPU
		{7F1B5DB8-0E01-43D6-999D-0CC37C58E1B4}.Debug|Any CPU.Build.0 = Debug|Any CPU
	EndGlobalSection
	GlobalSection(SolutionProperties) = preSolution
		HideSolutionNode = FALSE
	EndGlobalSection
	GlobalSection(ExtensibilityGlobals) = postSolution
		SolutionGuid = {494EB653-4F96-466C-930C-6088356739A3}
	EndGlobalSection
EndGlobal
